{
  "name": "demo-consumer-project",
  "version": "1.0.0",
  "lockfileVersion": 1,
  "requires": true,
  "dependencies": {
    "@royyanbach/demo-shared-libraries": {
      "version": "github:royyanbach/demo-shared-libraries#e039386887ac0f3bf7794726512eb383281adeb7",
      "from": "github:royyanbach/demo-shared-libraries#semver:1.0.0"
    }
  }
}
