{
  "name": "demo-consumer-project",
  "version": "1.0.0",
  "lockfileVersion": 1,
  "requires": true,
  "dependencies": {
    "@royyanbach/demo-shared-libraries": {
      "version": "github:royyanbach/demo-shared-libraries#186ad606e4f8d502de7fa805974152ba95ce2eeb",
      "from": "github:royyanbach/demo-shared-libraries#semver:^1.0.x"
    }
  }
}
